
Microsoft Visual Studio Solution File, Format Version 12.00
# Visual Studio Version 17
VisualStudioVersion = 17.2.32630.192
MinimumVisualStudioVersion = 10.0.40219.1
Project("{FAE04EC0-301F-11D3-BF4B-00C04F79EFBC}") = "FoodEcommerceProject", "FoodEcommerceProject\FoodEcommerceProject.csproj", "{817FEFC9-CEA7-48DA-91B7-FE4D5D279DEE}"
EndProject
Global
	GlobalSection(SolutionConfigurationPlatforms) = preSolution
		Debug|Any CPU = Debug|Any CPU
		Release|Any CPU = Release|Any CPU
	EndGlobalSection
	GlobalSection(ProjectConfigurationPlatforms) = postSolution
		{817FEFC9-CEA7-48DA-91B7-FE4D5D279DEE}.Debug|Any CPU.ActiveCfg = Debug|Any CPU
		{817FEFC9-CEA7-48DA-91B7-FE4D5D279DEE}.Debug|Any CPU.Build.0 = Debug|Any CPU
		{817FEFC9-CEA7-48DA-91B7-FE4D5D279DEE}.Release|Any CPU.ActiveCfg = Release|Any CPU
		{817FEFC9-CEA7-48DA-91B7-FE4D5D279DEE}.Release|Any CPU.Build.0 = Release|Any CPU
	EndGlobalSection
	GlobalSection(SolutionProperties) = preSolution
		HideSolutionNode = FALSE
	EndGlobalSection
	GlobalSection(ExtensibilityGlobals) = postSolution
		SolutionGuid = {251193FB-9CA6-4CFF-9680-03431AE9FF9F}
	EndGlobalSection
EndGlobal
